# This file was autogenerated by uv via the following command:
#    uv pip compile fuzz/requirements.txt --universal --generate-hashes --python-version 3.12 --output-file fuzz/requirements.lock
atheris==3.0.0 \
    --hash=sha256:1f0929c7bc3040f3fe4102e557718734190cf2d7718bbb8e3ce6d3eb56ef5bb3
    # via -r fuzz/requirements.txt
